// !$*UTF8*$!
{
	archiveVersion = 1;
	classes = {
	};
	objectVersion = 46;
	objects = {

/* Begin PBXBuildFile section */
		372F771C1E09DB3900BD650D /* RequestManager.swift in Sources */ = {isa = PBXBuildFile; fileRef = 372F771B1E09DB3900BD650D /* RequestManager.swift */; };
		372F771E1E09EAD800BD650D /* DetailViewController+UITableViewDelegate.swift in Sources */ = {isa = PBXBuildFile; fileRef = 372F771D1E09EAD800BD650D /* DetailViewController+UITableViewDelegate.swift */; };
		372F77201E09EAF000BD650D /* DetailViewController+UITableViewDataSource.swift in Sources */ = {isa = PBXBuildFile; fileRef = 372F771F1E09EAF000BD650D /* DetailViewController+UITableViewDataSource.swift */; };
		372F77221E09EB9D00BD650D /* DetailViewController+UIScrollViewDelegate.swift in Sources */ = {isa = PBXBuildFile; fileRef = 372F77211E09EB9D00BD650D /* DetailViewController+UIScrollViewDelegate.swift */; };
		372F77241E09FDF600BD650D /* DetailHeaderView.swift in Sources */ = {isa = PBXBuildFile; fileRef = 372F77231E09FDF600BD650D /* DetailHeaderView.swift */; };
		372F77261E09FFA100BD650D /* DetailHeaderView.xib in Resources */ = {isa = PBXBuildFile; fileRef = 372F77251E09FFA100BD650D /* DetailHeaderView.xib */; };
		373454F61E08989900D3354A /* AppDelegate.swift in Sources */ = {isa = PBXBuildFile; fileRef = 373454F51E08989900D3354A /* AppDelegate.swift */; };
		373454F81E08989900D3354A /* PlacesViewController.swift in Sources */ = {isa = PBXBuildFile; fileRef = 373454F71E08989900D3354A /* PlacesViewController.swift */; };
		373454FB1E08989900D3354A /* Main.storyboard in Resources */ = {isa = PBXBuildFile; fileRef = 373454F91E08989900D3354A /* Main.storyboard */; };
		373454FD1E08989900D3354A /* Assets.xcassets in Resources */ = {isa = PBXBuildFile; fileRef = 373454FC1E08989900D3354A /* Assets.xcassets */; };
		373455001E08989900D3354A /* LaunchScreen.storyboard in Resources */ = {isa = PBXBuildFile; fileRef = 373454FE1E08989900D3354A /* LaunchScreen.storyboard */; };
		373EB9181E0A91CD00D14A15 /* ActionTableViewCell.swift in Sources */ = {isa = PBXBuildFile; fileRef = 373EB9171E0A91CD00D14A15 /* ActionTableViewCell.swift */; };
		373EB91A1E0A922A00D14A15 /* DescriptionTableViewCell.swift in Sources */ = {isa = PBXBuildFile; fileRef = 373EB9191E0A922A00D14A15 /* DescriptionTableViewCell.swift */; };
		373EB91C1E0A926F00D14A15 /* CommentTableViewCell.swift in Sources */ = {isa = PBXBuildFile; fileRef = 373EB91B1E0A926F00D14A15 /* CommentTableViewCell.swift */; };
		37947ACB1E0A21A100F8BB33 /* RoundedImageView.swift in Sources */ = {isa = PBXBuildFile; fileRef = 37947ACA1E0A21A100F8BB33 /* RoundedImageView.swift */; };
		37947ACD1E0A398000F8BB33 /* MapKit.framework in Frameworks */ = {isa = PBXBuildFile; fileRef = 37947ACC1E0A397F00F8BB33 /* MapKit.framework */; };
		379CDB951E0B6AC000408B3B /* DetailViewController+ActionTableViewCellDelegate.swift in Sources */ = {isa = PBXBuildFile; fileRef = 379CDB941E0B6AC000408B3B /* DetailViewController+ActionTableViewCellDelegate.swift */; };
		37FBA44E1E089FF500129A41 /* Alamofire.framework in Frameworks */ = {isa = PBXBuildFile; fileRef = 37FBA44D1E089FF500129A41 /* Alamofire.framework */; };
		37FBA4501E08A22800129A41 /* PlacesViewController+UITableViewDelegate.swift in Sources */ = {isa = PBXBuildFile; fileRef = 37FBA44F1E08A22800129A41 /* PlacesViewController+UITableViewDelegate.swift */; };
		37FBA4521E08A2BD00129A41 /* PlacesViewController+UITableViewDataSource.swift in Sources */ = {isa = PBXBuildFile; fileRef = 37FBA4511E08A2BD00129A41 /* PlacesViewController+UITableViewDataSource.swift */; };
		37FBA4551E08A40500129A41 /* PlaceTableViewCell.swift in Sources */ = {isa = PBXBuildFile; fileRef = 37FBA4541E08A40500129A41 /* PlaceTableViewCell.swift */; };
		37FBA4591E08AC5400129A41 /* UIKitExtensions.swift in Sources */ = {isa = PBXBuildFile; fileRef = 37FBA4581E08AC5400129A41 /* UIKitExtensions.swift */; };
		37FBA45B1E08AD3A00129A41 /* ProjectConfiguration.swift in Sources */ = {isa = PBXBuildFile; fileRef = 37FBA45A1E08AD3A00129A41 /* ProjectConfiguration.swift */; };
		37FBA4601E08C0C900129A41 /* DetailViewController.swift in Sources */ = {isa = PBXBuildFile; fileRef = 37FBA45F1E08C0C900129A41 /* DetailViewController.swift */; };
		37FBA4641E08CA8100129A41 /* Place.swift in Sources */ = {isa = PBXBuildFile; fileRef = 37FBA4631E08CA8100129A41 /* Place.swift */; };
		37FBA4661E08CDDF00129A41 /* Comment.swift in Sources */ = {isa = PBXBuildFile; fileRef = 37FBA4651E08CDDF00129A41 /* Comment.swift */; };
/* End PBXBuildFile section */

/* Begin PBXFileReference section */
		372F771B1E09DB3900BD650D /* RequestManager.swift */ = {isa = PBXFileReference; fileEncoding = 4; lastKnownFileType = sourcecode.swift; path = RequestManager.swift; sourceTree = "<group>"; };
		372F771D1E09EAD800BD650D /* DetailViewController+UITableViewDelegate.swift */ = {isa = PBXFileReference; fileEncoding = 4; lastKnownFileType = sourcecode.swift; path = "DetailViewController+UITableViewDelegate.swift"; sourceTree = "<group>"; };
		372F771F1E09EAF000BD650D /* DetailViewController+UITableViewDataSource.swift */ = {isa = PBXFileReference; fileEncoding = 4; lastKnownFileType = sourcecode.swift; path = "DetailViewController+UITableViewDataSource.swift"; sourceTree = "<group>"; };
		372F77211E09EB9D00BD650D /* DetailViewController+UIScrollViewDelegate.swift */ = {isa = PBXFileReference; fileEncoding = 4; lastKnownFileType = sourcecode.swift; path = "DetailViewController+UIScrollViewDelegate.swift"; sourceTree = "<group>"; };
		372F77231E09FDF600BD650D /* DetailHeaderView.swift */ = {isa = PBXFileReference; fileEncoding = 4; lastKnownFileType = sourcecode.swift; path = DetailHeaderView.swift; sourceTree = "<group>"; };
		372F77251E09FFA100BD650D /* DetailHeaderView.xib */ = {isa = PBXFileReference; fileEncoding = 4; lastKnownFileType = file.xib; path = DetailHeaderView.xib; sourceTree = "<group>"; };
		373454F21E08989800D3354A /* Tarefas.app */ = {isa = PBXFileReference; explicitFileType = wrapper.application; includeInIndex = 0; path = Tarefas.app; sourceTree = BUILT_PRODUCTS_DIR; };
		373454F51E08989900D3354A /* AppDelegate.swift */ = {isa = PBXFileReference; lastKnownFileType = sourcecode.swift; path = AppDelegate.swift; sourceTree = "<group>"; };
		373454F71E08989900D3354A /* PlacesViewController.swift */ = {isa = PBXFileReference; lastKnownFileType = sourcecode.swift; path = PlacesViewController.swift; sourceTree = "<group>"; };
		373454FA1E08989900D3354A /* Base */ = {isa = PBXFileReference; lastKnownFileType = file.storyboard; name = Base; path = Base.lproj/Main.storyboard; sourceTree = "<group>"; };
		373454FC1E08989900D3354A /* Assets.xcassets */ = {isa = PBXFileReference; lastKnownFileType = folder.assetcatalog; path = Assets.xcassets; sourceTree = "<group>"; };
		373454FF1E08989900D3354A /* Base */ = {isa = PBXFileReference; lastKnownFileType = file.storyboard; name = Base; path = Base.lproj/LaunchScreen.storyboard; sourceTree = "<group>"; };
		373455011E08989900D3354A /* Info.plist */ = {isa = PBXFileReference; lastKnownFileType = text.plist.xml; path = Info.plist; sourceTree = "<group>"; };
		373EB9171E0A91CD00D14A15 /* ActionTableViewCell.swift */ = {isa = PBXFileReference; fileEncoding = 4; lastKnownFileType = sourcecode.swift; path = ActionTableViewCell.swift; sourceTree = "<group>"; };
		373EB9191E0A922A00D14A15 /* DescriptionTableViewCell.swift */ = {isa = PBXFileReference; fileEncoding = 4; lastKnownFileType = sourcecode.swift; path = DescriptionTableViewCell.swift; sourceTree = "<group>"; };
		373EB91B1E0A926F00D14A15 /* CommentTableViewCell.swift */ = {isa = PBXFileReference; fileEncoding = 4; lastKnownFileType = sourcecode.swift; path = CommentTableViewCell.swift; sourceTree = "<group>"; };
		37947ACA1E0A21A100F8BB33 /* RoundedImageView.swift */ = {isa = PBXFileReference; fileEncoding = 4; lastKnownFileType = sourcecode.swift; path = RoundedImageView.swift; sourceTree = "<group>"; };
		37947ACC1E0A397F00F8BB33 /* MapKit.framework */ = {isa = PBXFileReference; lastKnownFileType = wrapper.framework; name = MapKit.framework; path = System/Library/Frameworks/MapKit.framework; sourceTree = SDKROOT; };
		379CDB941E0B6AC000408B3B /* DetailViewController+ActionTableViewCellDelegate.swift */ = {isa = PBXFileReference; fileEncoding = 4; lastKnownFileType = sourcecode.swift; path = "DetailViewController+ActionTableViewCellDelegate.swift"; sourceTree = "<group>"; };
		37FBA44D1E089FF500129A41 /* Alamofire.framework */ = {isa = PBXFileReference; lastKnownFileType = wrapper.framework; name = Alamofire.framework; path = Carthage/Build/iOS/Alamofire.framework; sourceTree = "<group>"; };
		37FBA44F1E08A22800129A41 /* PlacesViewController+UITableViewDelegate.swift */ = {isa = PBXFileReference; fileEncoding = 4; lastKnownFileType = sourcecode.swift; path = "PlacesViewController+UITableViewDelegate.swift"; sourceTree = "<group>"; };
		37FBA4511E08A2BD00129A41 /* PlacesViewController+UITableViewDataSource.swift */ = {isa = PBXFileReference; fileEncoding = 4; lastKnownFileType = sourcecode.swift; path = "PlacesViewController+UITableViewDataSource.swift"; sourceTree = "<group>"; };
		37FBA4541E08A40500129A41 /* PlaceTableViewCell.swift */ = {isa = PBXFileReference; fileEncoding = 4; lastKnownFileType = sourcecode.swift; path = PlaceTableViewCell.swift; sourceTree = "<group>"; };
		37FBA4581E08AC5400129A41 /* UIKitExtensions.swift */ = {isa = PBXFileReference; fileEncoding = 4; lastKnownFileType = sourcecode.swift; path = UIKitExtensions.swift; sourceTree = "<group>"; };
		37FBA45A1E08AD3A00129A41 /* ProjectConfiguration.swift */ = {isa = PBXFileReference; fileEncoding = 4; lastKnownFileType = sourcecode.swift; path = ProjectConfiguration.swift; sourceTree = "<group>"; };
		37FBA45F1E08C0C900129A41 /* DetailViewController.swift */ = {isa = PBXFileReference; fileEncoding = 4; lastKnownFileType = sourcecode.swift; path = DetailViewController.swift; sourceTree = "<group>"; };
		37FBA4631E08CA8100129A41 /* Place.swift */ = {isa = PBXFileReference; fileEncoding = 4; lastKnownFileType = sourcecode.swift; path = Place.swift; sourceTree = "<group>"; };
		37FBA4651E08CDDF00129A41 /* Comment.swift */ = {isa = PBXFileReference; fileEncoding = 4; lastKnownFileType = sourcecode.swift; path = Comment.swift; sourceTree = "<group>"; };
/* End PBXFileReference section */

/* Begin PBXFrameworksBuildPhase section */
		373454EF1E08989800D3354A /* Frameworks */ = {
			isa = PBXFrameworksBuildPhase;
			buildActionMask = 2147483647;
			files = (
				37947ACD1E0A398000F8BB33 /* MapKit.framework in Frameworks */,
				37FBA44E1E089FF500129A41 /* Alamofire.framework in Frameworks */,
			);
			runOnlyForDeploymentPostprocessing = 0;
		};
/* End PBXFrameworksBuildPhase section */

/* Begin PBXGroup section */
		373454E91E08989800D3354A = {
			isa = PBXGroup;
			children = (
				37FBA44C1E089FD600129A41 /* Frameworks */,
				373454F41E08989800D3354A /* Tarefas */,
				373454F31E08989800D3354A /* Products */,
			);
			sourceTree = "<group>";
		};
		373454F31E08989800D3354A /* Products */ = {
			isa = PBXGroup;
			children = (
				373454F21E08989800D3354A /* Tarefas.app */,
			);
			name = Products;
			sourceTree = "<group>";
		};
		373454F41E08989800D3354A /* Tarefas */ = {
			isa = PBXGroup;
			children = (
				373455081E0898E300D3354A /* Model */,
				373455091E0898EE00D3354A /* Controller */,
				373455071E0898D700D3354A /* Interface */,
				3734550A1E0898FA00D3354A /* Supporting Files */,
			);
			path = Tarefas;
			sourceTree = "<group>";
		};
		373455071E0898D700D3354A /* Interface */ = {
			isa = PBXGroup;
			children = (
				373454F91E08989900D3354A /* Main.storyboard */,
				372F77251E09FFA100BD650D /* DetailHeaderView.xib */,
				373454FE1E08989900D3354A /* LaunchScreen.storyboard */,
			);
			name = Interface;
			sourceTree = "<group>";
		};
		373455081E0898E300D3354A /* Model */ = {
			isa = PBXGroup;
			children = (
				373EB9171E0A91CD00D14A15 /* ActionTableViewCell.swift */,
				373454F51E08989900D3354A /* AppDelegate.swift */,
				37FBA4651E08CDDF00129A41 /* Comment.swift */,
				373EB91B1E0A926F00D14A15 /* CommentTableViewCell.swift */,
				373EB9191E0A922A00D14A15 /* DescriptionTableViewCell.swift */,
				372F77231E09FDF600BD650D /* DetailHeaderView.swift */,
				37FBA4631E08CA8100129A41 /* Place.swift */,
				37FBA4541E08A40500129A41 /* PlaceTableViewCell.swift */,
				37FBA45A1E08AD3A00129A41 /* ProjectConfiguration.swift */,
				372F771B1E09DB3900BD650D /* RequestManager.swift */,
				37947ACA1E0A21A100F8BB33 /* RoundedImageView.swift */,
				37FBA4581E08AC5400129A41 /* UIKitExtensions.swift */,
			);
			name = Model;
			sourceTree = "<group>";
		};
		373455091E0898EE00D3354A /* Controller */ = {
			isa = PBXGroup;
			children = (
				37FBA4531E08A3AF00129A41 /* TasksViewController */,
				37FBA45E1E08C0AE00129A41 /* DetailViewController */,
			);
			name = Controller;
			sourceTree = "<group>";
		};
		3734550A1E0898FA00D3354A /* Supporting Files */ = {
			isa = PBXGroup;
			children = (
				373454FC1E08989900D3354A /* Assets.xcassets */,
				373455011E08989900D3354A /* Info.plist */,
			);
			name = "Supporting Files";
			sourceTree = "<group>";
		};
		37FBA44C1E089FD600129A41 /* Frameworks */ = {
			isa = PBXGroup;
			children = (
				37FBA44D1E089FF500129A41 /* Alamofire.framework */,
				37947ACC1E0A397F00F8BB33 /* MapKit.framework */,
			);
			name = Frameworks;
			sourceTree = "<group>";
		};
		37FBA4531E08A3AF00129A41 /* TasksViewController */ = {
			isa = PBXGroup;
			children = (
				373454F71E08989900D3354A /* PlacesViewController.swift */,
				37FBA44F1E08A22800129A41 /* PlacesViewController+UITableViewDelegate.swift */,
				37FBA4511E08A2BD00129A41 /* PlacesViewController+UITableViewDataSource.swift */,
			);
			name = TasksViewController;
			sourceTree = "<group>";
		};
		37FBA45E1E08C0AE00129A41 /* DetailViewController */ = {
			isa = PBXGroup;
			children = (
				37FBA45F1E08C0C900129A41 /* DetailViewController.swift */,
				372F771D1E09EAD800BD650D /* DetailViewController+UITableViewDelegate.swift */,
				372F771F1E09EAF000BD650D /* DetailViewController+UITableViewDataSource.swift */,
				372F77211E09EB9D00BD650D /* DetailViewController+UIScrollViewDelegate.swift */,
				379CDB941E0B6AC000408B3B /* DetailViewController+ActionTableViewCellDelegate.swift */,
			);
			name = DetailViewController;
			sourceTree = "<group>";
		};
/* End PBXGroup section */

/* Begin PBXNativeTarget section */
		373454F11E08989800D3354A /* Tarefas */ = {
			isa = PBXNativeTarget;
			buildConfigurationList = 373455041E08989900D3354A /* Build configuration list for PBXNativeTarget "Tarefas" */;
			buildPhases = (
				373454EE1E08989800D3354A /* Sources */,
				373454EF1E08989800D3354A /* Frameworks */,
				373454F01E08989800D3354A /* Resources */,
				37FBA4571E08A72300129A41 /* Carthage Libraries */,
			);
			buildRules = (
			);
			dependencies = (
			);
			name = Tarefas;
			productName = Tarefas;
			productReference = 373454F21E08989800D3354A /* Tarefas.app */;
			productType = "com.apple.product-type.application";
		};
/* End PBXNativeTarget section */

/* Begin PBXProject section */
		373454EA1E08989800D3354A /* Project object */ = {
			isa = PBXProject;
			attributes = {
				LastSwiftUpdateCheck = 0810;
				LastUpgradeCheck = 0810;
				ORGANIZATIONNAME = "Rodrigo Kreutz";
				TargetAttributes = {
					373454F11E08989800D3354A = {
						CreatedOnToolsVersion = 8.1;
						DevelopmentTeam = 49K39S52K6;
						ProvisioningStyle = Automatic;
					};
				};
			};
			buildConfigurationList = 373454ED1E08989800D3354A /* Build configuration list for PBXProject "Tarefas" */;
			compatibilityVersion = "Xcode 3.2";
			developmentRegion = English;
			hasScannedForEncodings = 0;
			knownRegions = (
				en,
				Base,
			);
			mainGroup = 373454E91E08989800D3354A;
			productRefGroup = 373454F31E08989800D3354A /* Products */;
			projectDirPath = "";
			projectRoot = "";
			targets = (
				373454F11E08989800D3354A /* Tarefas */,
			);
		};
/* End PBXProject section */

/* Begin PBXResourcesBuildPhase section */
		373454F01E08989800D3354A /* Resources */ = {
			isa = PBXResourcesBuildPhase;
			buildActionMask = 2147483647;
			files = (
				372F77261E09FFA100BD650D /* DetailHeaderView.xib in Resources */,
				373455001E08989900D3354A /* LaunchScreen.storyboard in Resources */,
				373454FD1E08989900D3354A /* Assets.xcassets in Resources */,
				373454FB1E08989900D3354A /* Main.storyboard in Resources */,
			);
			runOnlyForDeploymentPostprocessing = 0;
		};
/* End PBXResourcesBuildPhase section */

/* Begin PBXShellScriptBuildPhase section */
		37FBA4571E08A72300129A41 /* Carthage Libraries */ = {
			isa = PBXShellScriptBuildPhase;
			buildActionMask = 2147483647;
			files = (
			);
			inputPaths = (
				"$(SRCROOT)/Carthage/Build/iOS/Alamofire.framework",
			);
			name = "Carthage Libraries";
			outputPaths = (
			);
			runOnlyForDeploymentPostprocessing = 0;
			shellPath = /bin/sh;
			shellScript = "/usr/local/bin/carthage copy-frameworks";
		};
/* End PBXShellScriptBuildPhase section */

/* Begin PBXSourcesBuildPhase section */
		373454EE1E08989800D3354A /* Sources */ = {
			isa = PBXSourcesBuildPhase;
			buildActionMask = 2147483647;
			files = (
				37947ACB1E0A21A100F8BB33 /* RoundedImageView.swift in Sources */,
				37FBA45B1E08AD3A00129A41 /* ProjectConfiguration.swift in Sources */,
				373454F81E08989900D3354A /* PlacesViewController.swift in Sources */,
				373454F61E08989900D3354A /* AppDelegate.swift in Sources */,
				37FBA4591E08AC5400129A41 /* UIKitExtensions.swift in Sources */,
				37FBA4551E08A40500129A41 /* PlaceTableViewCell.swift in Sources */,
				379CDB951E0B6AC000408B3B /* DetailViewController+ActionTableViewCellDelegate.swift in Sources */,
				37FBA4661E08CDDF00129A41 /* Comment.swift in Sources */,
				372F77221E09EB9D00BD650D /* DetailViewController+UIScrollViewDelegate.swift in Sources */,
				372F771E1E09EAD800BD650D /* DetailViewController+UITableViewDelegate.swift in Sources */,
				37FBA4521E08A2BD00129A41 /* PlacesViewController+UITableViewDataSource.swift in Sources */,
				372F77201E09EAF000BD650D /* DetailViewController+UITableViewDataSource.swift in Sources */,
				372F771C1E09DB3900BD650D /* RequestManager.swift in Sources */,
				37FBA4501E08A22800129A41 /* PlacesViewController+UITableViewDelegate.swift in Sources */,
				373EB9181E0A91CD00D14A15 /* ActionTableViewCell.swift in Sources */,
				37FBA4641E08CA8100129A41 /* Place.swift in Sources */,
				37FBA4601E08C0C900129A41 /* DetailViewController.swift in Sources */,
				373EB91C1E0A926F00D14A15 /* CommentTableViewCell.swift in Sources */,
				373EB91A1E0A922A00D14A15 /* DescriptionTableViewCell.swift in Sources */,
				372F77241E09FDF600BD650D /* DetailHeaderView.swift in Sources */,
			);
			runOnlyForDeploymentPostprocessing = 0;
		};
/* End PBXSourcesBuildPhase section */

/* Begin PBXVariantGroup section */
		373454F91E08989900D3354A /* Main.storyboard */ = {
			isa = PBXVariantGroup;
			children = (
				373454FA1E08989900D3354A /* Base */,
			);
			name = Main.storyboard;
			sourceTree = "<group>";
		};
		373454FE1E08989900D3354A /* LaunchScreen.storyboard */ = {
			isa = PBXVariantGroup;
			children = (
				373454FF1E08989900D3354A /* Base */,
			);
			name = LaunchScreen.storyboard;
			sourceTree = "<group>";
		};
/* End PBXVariantGroup section */

/* Begin XCBuildConfiguration section */
		373455021E08989900D3354A /* Debug */ = {
			isa = XCBuildConfiguration;
			buildSettings = {
				ALWAYS_SEARCH_USER_PATHS = NO;
				CLANG_ANALYZER_NONNULL = YES;
				CLANG_CXX_LANGUAGE_STANDARD = "gnu++0x";
				CLANG_CXX_LIBRARY = "libc++";
				CLANG_ENABLE_MODULES = YES;
				CLANG_ENABLE_OBJC_ARC = YES;
				CLANG_WARN_BOOL_CONVERSION = YES;
				CLANG_WARN_CONSTANT_CONVERSION = YES;
				CLANG_WARN_DIRECT_OBJC_ISA_USAGE = YES_ERROR;
				CLANG_WARN_DOCUMENTATION_COMMENTS = YES;
				CLANG_WARN_EMPTY_BODY = YES;
				CLANG_WARN_ENUM_CONVERSION = YES;
				CLANG_WARN_INFINITE_RECURSION = YES;
				CLANG_WARN_INT_CONVERSION = YES;
				CLANG_WARN_OBJC_ROOT_CLASS = YES_ERROR;
				CLANG_WARN_SUSPICIOUS_MOVES = YES;
				CLANG_WARN_UNREACHABLE_CODE = YES;
				CLANG_WARN__DUPLICATE_METHOD_MATCH = YES;
				"CODE_SIGN_IDENTITY[sdk=iphoneos*]" = "iPhone Developer";
				COPY_PHASE_STRIP = NO;
				DEBUG_INFORMATION_FORMAT = dwarf;
				ENABLE_STRICT_OBJC_MSGSEND = YES;
				ENABLE_TESTABILITY = YES;
				GCC_C_LANGUAGE_STANDARD = gnu99;
				GCC_DYNAMIC_NO_PIC = NO;
				GCC_NO_COMMON_BLOCKS = YES;
				GCC_OPTIMIZATION_LEVEL = 0;
				GCC_PREPROCESSOR_DEFINITIONS = (
					"DEBUG=1",
					"$(inherited)",
				);
				GCC_WARN_64_TO_32_BIT_CONVERSION = YES;
				GCC_WARN_ABOUT_RETURN_TYPE = YES_ERROR;
				GCC_WARN_UNDECLARED_SELECTOR = YES;
				GCC_WARN_UNINITIALIZED_AUTOS = YES_AGGRESSIVE;
				GCC_WARN_UNUSED_FUNCTION = YES;
				GCC_WARN_UNUSED_VARIABLE = YES;
				IPHONEOS_DEPLOYMENT_TARGET = 10.1;
				MTL_ENABLE_DEBUG_INFO = YES;
				ONLY_ACTIVE_ARCH = YES;
				SDKROOT = iphoneos;
				SWIFT_ACTIVE_COMPILATION_CONDITIONS = DEBUG;
				SWIFT_OPTIMIZATION_LEVEL = "-Onone";
				TARGETED_DEVICE_FAMILY = "1,2";
			};
			name = Debug;
		};
		373455031E08989900D3354A /* Release */ = {
			isa = XCBuildConfiguration;
			buildSettings = {
				ALWAYS_SEARCH_USER_PATHS = NO;
				CLANG_ANALYZER_NONNULL = YES;
				CLANG_CXX_LANGUAGE_STANDARD = "gnu++0x";
				CLANG_CXX_LIBRARY = "libc++";
				CLANG_ENABLE_MODULES = YES;
				CLANG_ENABLE_OBJC_ARC = YES;
				CLANG_WARN_BOOL_CONVERSION = YES;
				CLANG_WARN_CONSTANT_CONVERSION = YES;
				CLANG_WARN_DIRECT_OBJC_ISA_USAGE = YES_ERROR;
				CLANG_WARN_DOCUMENTATION_COMMENTS = YES;
				CLANG_WARN_EMPTY_BODY = YES;
				CLANG_WARN_ENUM_CONVERSION = YES;
				CLANG_WARN_INFINITE_RECURSION = YES;
				CLANG_WARN_INT_CONVERSION = YES;
				CLANG_WARN_OBJC_ROOT_CLASS = YES_ERROR;
				CLANG_WARN_SUSPICIOUS_MOVES = YES;
				CLANG_WARN_UNREACHABLE_CODE = YES;
				CLANG_WARN__DUPLICATE_METHOD_MATCH = YES;
				"CODE_SIGN_IDENTITY[sdk=iphoneos*]" = "iPhone Developer";
				COPY_PHASE_STRIP = NO;
				DEBUG_INFORMATION_FORMAT = "dwarf-with-dsym";
				ENABLE_NS_ASSERTIONS = NO;
				ENABLE_STRICT_OBJC_MSGSEND = YES;
				GCC_C_LANGUAGE_STANDARD = gnu99;
				GCC_NO_COMMON_BLOCKS = YES;
				GCC_WARN_64_TO_32_BIT_CONVERSION = YES;
				GCC_WARN_ABOUT_RETURN_TYPE = YES_ERROR;
				GCC_WARN_UNDECLARED_SELECTOR = YES;
				GCC_WARN_UNINITIALIZED_AUTOS = YES_AGGRESSIVE;
				GCC_WARN_UNUSED_FUNCTION = YES;
				GCC_WARN_UNUSED_VARIABLE = YES;
				IPHONEOS_DEPLOYMENT_TARGET = 10.1;
				MTL_ENABLE_DEBUG_INFO = NO;
				SDKROOT = iphoneos;
				SWIFT_OPTIMIZATION_LEVEL = "-Owholemodule";
				TARGETED_DEVICE_FAMILY = "1,2";
				VALIDATE_PRODUCT = YES;
			};
			name = Release;
		};
		373455051E08989900D3354A /* Debug */ = {
			isa = XCBuildConfiguration;
			buildSettings = {
				ASSETCATALOG_COMPILER_APPICON_NAME = AppIcon;
				DEVELOPMENT_TEAM = 49K39S52K6;
				FRAMEWORK_SEARCH_PATHS = (
					"$(inherited)",
					"$(PROJECT_DIR)/Carthage/Build/iOS",
				);
				INFOPLIST_FILE = Tarefas/Info.plist;
				LD_RUNPATH_SEARCH_PATHS = "$(inherited) @executable_path/Frameworks";
				PRODUCT_BUNDLE_IDENTIFIER = rkreutz.Tarefas;
				PRODUCT_NAME = "$(TARGET_NAME)";
				SWIFT_VERSION = 3.0;
			};
			name = Debug;
		};
		373455061E08989900D3354A /* Release */ = {
			isa = XCBuildConfiguration;
			buildSettings = {
				ASSETCATALOG_COMPILER_APPICON_NAME = AppIcon;
				DEVELOPMENT_TEAM = 49K39S52K6;
				FRAMEWORK_SEARCH_PATHS = (
					"$(inherited)",
					"$(PROJECT_DIR)/Carthage/Build/iOS",
				);
				INFOPLIST_FILE = Tarefas/Info.plist;
				LD_RUNPATH_SEARCH_PATHS = "$(inherited) @executable_path/Frameworks";
				PRODUCT_BUNDLE_IDENTIFIER = rkreutz.Tarefas;
				PRODUCT_NAME = "$(TARGET_NAME)";
				SWIFT_VERSION = 3.0;
			};
			name = Release;
		};
/* End XCBuildConfiguration section */

/* Begin XCConfigurationList section */
		373454ED1E08989800D3354A /* Build configuration list for PBXProject "Tarefas" */ = {
			isa = XCConfigurationList;
			buildConfigurations = (
				373455021E08989900D3354A /* Debug */,
				373455031E08989900D3354A /* Release */,
			);
			defaultConfigurationIsVisible = 0;
			defaultConfigurationName = Release;
		};
		373455041E08989900D3354A /* Build configuration list for PBXNativeTarget "Tarefas" */ = {
			isa = XCConfigurationList;
			buildConfigurations = (
				373455051E08989900D3354A /* Debug */,
				373455061E08989900D3354A /* Release */,
			);
			defaultConfigurationIsVisible = 0;
			defaultConfigurationName = Release;
		};
/* End XCConfigurationList section */
	};
	rootObject = 373454EA1E08989800D3354A /* Project object */;
}
