// !$*UTF8*$!
{
	archiveVersion = 1;
	classes = {
	};
	objectVersion = 46;
	objects = {

/* Begin PBXBuildFile section */
		373454F61E08989900D3354A /* AppDelegate.swift in Sources */ = {isa = PBXBuildFile; fileRef = 373454F51E08989900D3354A /* AppDelegate.swift */; };
		373454F81E08989900D3354A /* ViewController.swift in Sources */ = {isa = PBXBuildFile; fileRef = 373454F71E08989900D3354A /* ViewController.swift */; };
		373454FB1E08989900D3354A /* Main.storyboard in Resources */ = {isa = PBXBuildFile; fileRef = 373454F91E08989900D3354A /* Main.storyboard */; };
		373454FD1E08989900D3354A /* Assets.xcassets in Resources */ = {isa = PBXBuildFile; fileRef = 373454FC1E08989900D3354A /* Assets.xcassets */; };
		373455001E08989900D3354A /* LaunchScreen.storyboard in Resources */ = {isa = PBXBuildFile; fileRef = 373454FE1E08989900D3354A /* LaunchScreen.storyboard */; };
/* End PBXBuildFile section */

/* Begin PBXFileReference section */
		373454F21E08989800D3354A /* Tarefas.app */ = {isa = PBXFileReference; explicitFileType = wrapper.application; includeInIndex = 0; path = Tarefas.app; sourceTree = BUILT_PRODUCTS_DIR; };
		373454F51E08989900D3354A /* AppDelegate.swift */ = {isa = PBXFileReference; lastKnownFileType = sourcecode.swift; path = AppDelegate.swift; sourceTree = "<group>"; };
		373454F71E08989900D3354A /* ViewController.swift */ = {isa = PBXFileReference; lastKnownFileType = sourcecode.swift; path = ViewController.swift; sourceTree = "<group>"; };
		373454FA1E08989900D3354A /* Base */ = {isa = PBXFileReference; lastKnownFileType = file.storyboard; name = Base; path = Base.lproj/Main.storyboard; sourceTree = "<group>"; };
		373454FC1E08989900D3354A /* Assets.xcassets */ = {isa = PBXFileReference; lastKnownFileType = folder.assetcatalog; path = Assets.xcassets; sourceTree = "<group>"; };
		373454FF1E08989900D3354A /* Base */ = {isa = PBXFileReference; lastKnownFileType = file.storyboard; name = Base; path = Base.lproj/LaunchScreen.storyboard; sourceTree = "<group>"; };
		373455011E08989900D3354A /* Info.plist */ = {isa = PBXFileReference; lastKnownFileType = text.plist.xml; path = Info.plist; sourceTree = "<group>"; };
/* End PBXFileReference section */

/* Begin PBXFrameworksBuildPhase section */
		373454EF1E08989800D3354A /* Frameworks */ = {
			isa = PBXFrameworksBuildPhase;
			buildActionMask = 2147483647;
			files = (
			);
			runOnlyForDeploymentPostprocessing = 0;
		};
/* End PBXFrameworksBuildPhase section */

/* Begin PBXGroup section */
		373454E91E08989800D3354A = {
			isa = PBXGroup;
			children = (
				373454F41E08989800D3354A /* Tarefas */,
				373454F31E08989800D3354A /* Products */,
			);
			sourceTree = "<group>";
		};
		373454F31E08989800D3354A /* Products */ = {
			isa = PBXGroup;
			children = (
				373454F21E08989800D3354A /* Tarefas.app */,
			);
			name = Products;
			sourceTree = "<group>";
		};
		373454F41E08989800D3354A /* Tarefas */ = {
			isa = PBXGroup;
			children = (
				373454F51E08989900D3354A /* AppDelegate.swift */,
				373454F71E08989900D3354A /* ViewController.swift */,
				373454F91E08989900D3354A /* Main.storyboard */,
				373454FC1E08989900D3354A /* Assets.xcassets */,
				373454FE1E08989900D3354A /* LaunchScreen.storyboard */,
				373455011E08989900D3354A /* Info.plist */,
			);
			path = Tarefas;
			sourceTree = "<group>";
		};
/* End PBXGroup section */

/* Begin PBXNativeTarget section */
		373454F11E08989800D3354A /* Tarefas */ = {
			isa = PBXNativeTarget;
			buildConfigurationList = 373455041E08989900D3354A /* Build configuration list for PBXNativeTarget "Tarefas" */;
			buildPhases = (
				373454EE1E08989800D3354A /* Sources */,
				373454EF1E08989800D3354A /* Frameworks */,
				373454F01E08989800D3354A /* Resources */,
			);
			buildRules = (
			);
			dependencies = (
			);
			name = Tarefas;
			productName = Tarefas;
			productReference = 373454F21E08989800D3354A /* Tarefas.app */;
			productType = "com.apple.product-type.application";
		};
/* End PBXNativeTarget section */

/* Begin PBXProject section */
		373454EA1E08989800D3354A /* Project object */ = {
			isa = PBXProject;
			attributes = {
				LastSwiftUpdateCheck = 0810;
				LastUpgradeCheck = 0810;
				ORGANIZATIONNAME = "Rodrigo Kreutz";
				TargetAttributes = {
					373454F11E08989800D3354A = {
						CreatedOnToolsVersion = 8.1;
						DevelopmentTeam = 49K39S52K6;
						ProvisioningStyle = Automatic;
					};
				};
			};
			buildConfigurationList = 373454ED1E08989800D3354A /* Build configuration list for PBXProject "Tarefas" */;
			compatibilityVersion = "Xcode 3.2";
			developmentRegion = English;
			hasScannedForEncodings = 0;
			knownRegions = (
				en,
				Base,
			);
			mainGroup = 373454E91E08989800D3354A;
			productRefGroup = 373454F31E08989800D3354A /* Products */;
			projectDirPath = "";
			projectRoot = "";
			targets = (
				373454F11E08989800D3354A /* Tarefas */,
			);
		};
/* End PBXProject section */

/* Begin PBXResourcesBuildPhase section */
		373454F01E08989800D3354A /* Resources */ = {
			isa = PBXResourcesBuildPhase;
			buildActionMask = 2147483647;
			files = (
				373455001E08989900D3354A /* LaunchScreen.storyboard in Resources */,
				373454FD1E08989900D3354A /* Assets.xcassets in Resources */,
				373454FB1E08989900D3354A /* Main.storyboard in Resources */,
			);
			runOnlyForDeploymentPostprocessing = 0;
		};
/* End PBXResourcesBuildPhase section */

/* Begin PBXSourcesBuildPhase section */
		373454EE1E08989800D3354A /* Sources */ = {
			isa = PBXSourcesBuildPhase;
			buildActionMask = 2147483647;
			files = (
				373454F81E08989900D3354A /* ViewController.swift in Sources */,
				373454F61E08989900D3354A /* AppDelegate.swift in Sources */,
			);
			runOnlyForDeploymentPostprocessing = 0;
		};
/* End PBXSourcesBuildPhase section */

/* Begin PBXVariantGroup section */
		373454F91E08989900D3354A /* Main.storyboard */ = {
			isa = PBXVariantGroup;
			children = (
				373454FA1E08989900D3354A /* Base */,
			);
			name = Main.storyboard;
			sourceTree = "<group>";
		};
		373454FE1E08989900D3354A /* LaunchScreen.storyboard */ = {
			isa = PBXVariantGroup;
			children = (
				373454FF1E08989900D3354A /* Base */,
			);
			name = LaunchScreen.storyboard;
			sourceTree = "<group>";
		};
/* End PBXVariantGroup section */

/* Begin XCBuildConfiguration section */
		373455021E08989900D3354A /* Debug */ = {
			isa = XCBuildConfiguration;
			buildSettings = {
				ALWAYS_SEARCH_USER_PATHS = NO;
				CLANG_ANALYZER_NONNULL = YES;
				CLANG_CXX_LANGUAGE_STANDARD = "gnu++0x";
				CLANG_CXX_LIBRARY = "libc++";
				CLANG_ENABLE_MODULES = YES;
				CLANG_ENABLE_OBJC_ARC = YES;
				CLANG_WARN_BOOL_CONVERSION = YES;
				CLANG_WARN_CONSTANT_CONVERSION = YES;
				CLANG_WARN_DIRECT_OBJC_ISA_USAGE = YES_ERROR;
				CLANG_WARN_DOCUMENTATION_COMMENTS = YES;
				CLANG_WARN_EMPTY_BODY = YES;
				CLANG_WARN_ENUM_CONVERSION = YES;
				CLANG_WARN_INFINITE_RECURSION = YES;
				CLANG_WARN_INT_CONVERSION = YES;
				CLANG_WARN_OBJC_ROOT_CLASS = YES_ERROR;
				CLANG_WARN_SUSPICIOUS_MOVES = YES;
				CLANG_WARN_UNREACHABLE_CODE = YES;
				CLANG_WARN__DUPLICATE_METHOD_MATCH = YES;
				"CODE_SIGN_IDENTITY[sdk=iphoneos*]" = "iPhone Developer";
				COPY_PHASE_STRIP = NO;
				DEBUG_INFORMATION_FORMAT = dwarf;
				ENABLE_STRICT_OBJC_MSGSEND = YES;
				ENABLE_TESTABILITY = YES;
				GCC_C_LANGUAGE_STANDARD = gnu99;
				GCC_DYNAMIC_NO_PIC = NO;
				GCC_NO_COMMON_BLOCKS = YES;
				GCC_OPTIMIZATION_LEVEL = 0;
				GCC_PREPROCESSOR_DEFINITIONS = (
					"DEBUG=1",
					"$(inherited)",
				);
				GCC_WARN_64_TO_32_BIT_CONVERSION = YES;
				GCC_WARN_ABOUT_RETURN_TYPE = YES_ERROR;
				GCC_WARN_UNDECLARED_SELECTOR = YES;
				GCC_WARN_UNINITIALIZED_AUTOS = YES_AGGRESSIVE;
				GCC_WARN_UNUSED_FUNCTION = YES;
				GCC_WARN_UNUSED_VARIABLE = YES;
				IPHONEOS_DEPLOYMENT_TARGET = 10.1;
				MTL_ENABLE_DEBUG_INFO = YES;
				ONLY_ACTIVE_ARCH = YES;
				SDKROOT = iphoneos;
				SWIFT_ACTIVE_COMPILATION_CONDITIONS = DEBUG;
				SWIFT_OPTIMIZATION_LEVEL = "-Onone";
				TARGETED_DEVICE_FAMILY = "1,2";
			};
			name = Debug;
		};
		373455031E08989900D3354A /* Release */ = {
			isa = XCBuildConfiguration;
			buildSettings = {
				ALWAYS_SEARCH_USER_PATHS = NO;
				CLANG_ANALYZER_NONNULL = YES;
				CLANG_CXX_LANGUAGE_STANDARD = "gnu++0x";
				CLANG_CXX_LIBRARY = "libc++";
				CLANG_ENABLE_MODULES = YES;
				CLANG_ENABLE_OBJC_ARC = YES;
				CLANG_WARN_BOOL_CONVERSION = YES;
				CLANG_WARN_CONSTANT_CONVERSION = YES;
				CLANG_WARN_DIRECT_OBJC_ISA_USAGE = YES_ERROR;
				CLANG_WARN_DOCUMENTATION_COMMENTS = YES;
				CLANG_WARN_EMPTY_BODY = YES;
				CLANG_WARN_ENUM_CONVERSION = YES;
				CLANG_WARN_INFINITE_RECURSION = YES;
				CLANG_WARN_INT_CONVERSION = YES;
				CLANG_WARN_OBJC_ROOT_CLASS = YES_ERROR;
				CLANG_WARN_SUSPICIOUS_MOVES = YES;
				CLANG_WARN_UNREACHABLE_CODE = YES;
				CLANG_WARN__DUPLICATE_METHOD_MATCH = YES;
				"CODE_SIGN_IDENTITY[sdk=iphoneos*]" = "iPhone Developer";
				COPY_PHASE_STRIP = NO;
				DEBUG_INFORMATION_FORMAT = "dwarf-with-dsym";
				ENABLE_NS_ASSERTIONS = NO;
				ENABLE_STRICT_OBJC_MSGSEND = YES;
				GCC_C_LANGUAGE_STANDARD = gnu99;
				GCC_NO_COMMON_BLOCKS = YES;
				GCC_WARN_64_TO_32_BIT_CONVERSION = YES;
				GCC_WARN_ABOUT_RETURN_TYPE = YES_ERROR;
				GCC_WARN_UNDECLARED_SELECTOR = YES;
				GCC_WARN_UNINITIALIZED_AUTOS = YES_AGGRESSIVE;
				GCC_WARN_UNUSED_FUNCTION = YES;
				GCC_WARN_UNUSED_VARIABLE = YES;
				IPHONEOS_DEPLOYMENT_TARGET = 10.1;
				MTL_ENABLE_DEBUG_INFO = NO;
				SDKROOT = iphoneos;
				SWIFT_OPTIMIZATION_LEVEL = "-Owholemodule";
				TARGETED_DEVICE_FAMILY = "1,2";
				VALIDATE_PRODUCT = YES;
			};
			name = Release;
		};
		373455051E08989900D3354A /* Debug */ = {
			isa = XCBuildConfiguration;
			buildSettings = {
				ASSETCATALOG_COMPILER_APPICON_NAME = AppIcon;
				DEVELOPMENT_TEAM = 49K39S52K6;
				INFOPLIST_FILE = Tarefas/Info.plist;
				LD_RUNPATH_SEARCH_PATHS = "$(inherited) @executable_path/Frameworks";
				PRODUCT_BUNDLE_IDENTIFIER = rkreutz.Tarefas;
				PRODUCT_NAME = "$(TARGET_NAME)";
				SWIFT_VERSION = 3.0;
			};
			name = Debug;
		};
		373455061E08989900D3354A /* Release */ = {
			isa = XCBuildConfiguration;
			buildSettings = {
				ASSETCATALOG_COMPILER_APPICON_NAME = AppIcon;
				DEVELOPMENT_TEAM = 49K39S52K6;
				INFOPLIST_FILE = Tarefas/Info.plist;
				LD_RUNPATH_SEARCH_PATHS = "$(inherited) @executable_path/Frameworks";
				PRODUCT_BUNDLE_IDENTIFIER = rkreutz.Tarefas;
				PRODUCT_NAME = "$(TARGET_NAME)";
				SWIFT_VERSION = 3.0;
			};
			name = Release;
		};
/* End XCBuildConfiguration section */

/* Begin XCConfigurationList section */
		373454ED1E08989800D3354A /* Build configuration list for PBXProject "Tarefas" */ = {
			isa = XCConfigurationList;
			buildConfigurations = (
				373455021E08989900D3354A /* Debug */,
				373455031E08989900D3354A /* Release */,
			);
			defaultConfigurationIsVisible = 0;
			defaultConfigurationName = Release;
		};
		373455041E08989900D3354A /* Build configuration list for PBXNativeTarget "Tarefas" */ = {
			isa = XCConfigurationList;
			buildConfigurations = (
				373455051E08989900D3354A /* Debug */,
				373455061E08989900D3354A /* Release */,
			);
			defaultConfigurationIsVisible = 0;
		};
/* End XCConfigurationList section */
	};
	rootObject = 373454EA1E08989800D3354A /* Project object */;
}
